
Microsoft Visual Studio Solution File, Format Version 12.00
# Visual Studio Express 2012 for Windows Desktop
Project("{8BC9CEB8-8B4A-11D0-8D11-00A0C91BC942}") = "colorstring", "colorstring\colorstring.vcxproj", "{DF844DE3-FBDA-40D0-8FE8-430E528C23CD}"
EndProject
Global
	GlobalSection(SolutionConfigurationPlatforms) = preSolution
		Debug|Win32 = Debug|Win32
		Release|Win32 = Release|Win32
	EndGlobalSection
	GlobalSection(ProjectConfigurationPlatforms) = postSolution
		{DF844DE3-FBDA-40D0-8FE8-430E528C23CD}.Debug|Win32.ActiveCfg = Debug|Win32
		{DF844DE3-FBDA-40D0-8FE8-430E528C23CD}.Debug|Win32.Build.0 = Debug|Win32
		{DF844DE3-FBDA-40D0-8FE8-430E528C23CD}.Release|Win32.ActiveCfg = Release|Win32
		{DF844DE3-FBDA-40D0-8FE8-430E528C23CD}.Release|Win32.Build.0 = Release|Win32
	EndGlobalSection
	GlobalSection(SolutionProperties) = preSolution
		HideSolutionNode = FALSE
	EndGlobalSection
EndGlobal
